github.com/arshabbir/utils v0.0.0-20221218114830-ea7f82ff9e29 h1:8pouNOmWhSLVxB0aL6L3Ngrm5WLbI2aEX8TB5sg4iBc=
github.com/arshabbir/utils v0.0.0-20221218114830-ea7f82ff9e29/go.mod h1:7SDYJ9f8uMP5e6YGL2pNRmA5ETl7qN5lXfSVZaClfjw=
github.com/arshabbir/utils v0.0.0-20221218115239-d89e5e62e187 h1:y7MLRI4uUi9kHW8Fpcmz7oOgmO+cGySXh7AKoK39Fcc=
github.com/arshabbir/utils v0.0.0-20221218115239-d89e5e62e187/go.mod h1:7SDYJ9f8uMP5e6YGL2pNRmA5ETl7qN5lXfSVZaClfjw=
github.com/gorilla/mux v1.8.0 h1:i40aqfkR1h2SlN9hojwV5ZA91wcXFOvkdNIeFDP5koI=
github.com/gorilla/mux v1.8.0/go.mod h1:DVbg23sWSpFRCP0SfiEN6jmj59UnW/n46BH5rLB71So=
